
Microsoft Visual Studio Solution File, Format Version 12.00
# Visual Studio Version 17
VisualStudioVersion = 17.2.32602.215
MinimumVisualStudioVersion = 10.0.40219.1
Project("{FAE04EC0-301F-11D3-BF4B-00C04F79EFBC}") = "HabitBuilder_Backend", "HabitBuilder_Backend\HabitBuilder_Backend.csproj", "{1565D942-5EA8-4719-B1AD-C11D0B3E9C98}"
EndProject
Global
	GlobalSection(SolutionConfigurationPlatforms) = preSolution
		Debug|Any CPU = Debug|Any CPU
		Release|Any CPU = Release|Any CPU
	EndGlobalSection
	GlobalSection(ProjectConfigurationPlatforms) = postSolution
		{1565D942-5EA8-4719-B1AD-C11D0B3E9C98}.Debug|Any CPU.ActiveCfg = Debug|Any CPU
		{1565D942-5EA8-4719-B1AD-C11D0B3E9C98}.Debug|Any CPU.Build.0 = Debug|Any CPU
		{1565D942-5EA8-4719-B1AD-C11D0B3E9C98}.Release|Any CPU.ActiveCfg = Release|Any CPU
		{1565D942-5EA8-4719-B1AD-C11D0B3E9C98}.Release|Any CPU.Build.0 = Release|Any CPU
	EndGlobalSection
	GlobalSection(SolutionProperties) = preSolution
		HideSolutionNode = FALSE
	EndGlobalSection
	GlobalSection(ExtensibilityGlobals) = postSolution
		SolutionGuid = {C809A8DA-AC6D-456C-AE7F-9A055F78A4DA}
	EndGlobalSection
EndGlobal
